// !$*UTF8*$!
{
	archiveVersion = 1;
	classes = {
	};
	objectVersion = 56;
	objects = {

/* Begin PBXBuildFile section */
		D1A529CD299FE6BB001AFC5D /* Code_HistoryApp.swift in Sources */ = {isa = PBXBuildFile; fileRef = D1A529CC299FE6BB001AFC5D /* Code_HistoryApp.swift */; };
		D1A529CF299FE6BB001AFC5D /* GameView.swift in Sources */ = {isa = PBXBuildFile; fileRef = D1A529CE299FE6BB001AFC5D /* GameView.swift */; };
		D1A529D1299FE6BD001AFC5D /* Assets.xcassets in Resources */ = {isa = PBXBuildFile; fileRef = D1A529D0299FE6BD001AFC5D /* Assets.xcassets */; };
		D1A529D4299FE6BD001AFC5D /* Preview Assets.xcassets in Resources */ = {isa = PBXBuildFile; fileRef = D1A529D3299FE6BD001AFC5D /* Preview Assets.xcassets */; };
		D1B1056A29AFC82200650192 /* GameViewModel.swift in Sources */ = {isa = PBXBuildFile; fileRef = D1B1056929AFC82200650192 /* GameViewModel.swift */; };
		D1B1056C29AFC9EB00650192 /* QuestionView.swift in Sources */ = {isa = PBXBuildFile; fileRef = D1B1056B29AFC9EB00650192 /* QuestionView.swift */; };
		D1B1056E29AFCC5100650192 /* contents.json in Resources */ = {isa = PBXBuildFile; fileRef = D1B1056D29AFCC5100650192 /* contents.json */; };
		D1B1057029AFCE2100650192 /* ScoreView.swift in Sources */ = {isa = PBXBuildFile; fileRef = D1B1056F29AFCE2100650192 /* ScoreView.swift */; };
		D1B1057229AFCE8000650192 /* ScoreViewModel.swift in Sources */ = {isa = PBXBuildFile; fileRef = D1B1057129AFCE8000650192 /* ScoreViewModel.swift */; };
		D1B30B1629ABCFB100208ECD /* WelcomeView.swift in Sources */ = {isa = PBXBuildFile; fileRef = D1B30B1529ABCFB100208ECD /* WelcomeView.swift */; };
		D1B30B1829ABEC7300208ECD /* GameColor.swift in Sources */ = {isa = PBXBuildFile; fileRef = D1B30B1729ABEC7300208ECD /* GameColor.swift */; };
		D1B30B1A29ABEDAD00208ECD /* BottomTextView.swift in Sources */ = {isa = PBXBuildFile; fileRef = D1B30B1929ABEDAD00208ECD /* BottomTextView.swift */; };
		D1E677FC29A54EE30018A106 /* Question.swift in Sources */ = {isa = PBXBuildFile; fileRef = D1E677FB29A54EE30018A106 /* Question.swift */; };
		D1E677FE29A550800018A106 /* ChoiceTextView.swift in Sources */ = {isa = PBXBuildFile; fileRef = D1E677FD29A550800018A106 /* ChoiceTextView.swift */; };
		D1EF3FF129A6340D00FAA0C5 /* Game.swift in Sources */ = {isa = PBXBuildFile; fileRef = D1EF3FF029A6340D00FAA0C5 /* Game.swift */; };
/* End PBXBuildFile section */

/* Begin PBXFileReference section */
		D1A529C9299FE6BB001AFC5D /* Code History.app */ = {isa = PBXFileReference; explicitFileType = wrapper.application; includeInIndex = 0; path = "Code History.app"; sourceTree = BUILT_PRODUCTS_DIR; };
		D1A529CC299FE6BB001AFC5D /* Code_HistoryApp.swift */ = {isa = PBXFileReference; lastKnownFileType = sourcecode.swift; path = Code_HistoryApp.swift; sourceTree = "<group>"; };
		D1A529CE299FE6BB001AFC5D /* GameView.swift */ = {isa = PBXFileReference; lastKnownFileType = sourcecode.swift; path = GameView.swift; sourceTree = "<group>"; };
		D1A529D0299FE6BD001AFC5D /* Assets.xcassets */ = {isa = PBXFileReference; lastKnownFileType = folder.assetcatalog; path = Assets.xcassets; sourceTree = "<group>"; };
		D1A529D3299FE6BD001AFC5D /* Preview Assets.xcassets */ = {isa = PBXFileReference; lastKnownFileType = folder.assetcatalog; path = "Preview Assets.xcassets"; sourceTree = "<group>"; };
		D1B1056929AFC82200650192 /* GameViewModel.swift */ = {isa = PBXFileReference; lastKnownFileType = sourcecode.swift; path = GameViewModel.swift; sourceTree = "<group>"; };
		D1B1056B29AFC9EB00650192 /* QuestionView.swift */ = {isa = PBXFileReference; lastKnownFileType = sourcecode.swift; path = QuestionView.swift; sourceTree = "<group>"; };
		D1B1056D29AFCC5100650192 /* contents.json */ = {isa = PBXFileReference; lastKnownFileType = text.json; path = contents.json; sourceTree = "<group>"; };
		D1B1056F29AFCE2100650192 /* ScoreView.swift */ = {isa = PBXFileReference; lastKnownFileType = sourcecode.swift; path = ScoreView.swift; sourceTree = "<group>"; };
		D1B1057129AFCE8000650192 /* ScoreViewModel.swift */ = {isa = PBXFileReference; lastKnownFileType = sourcecode.swift; path = ScoreViewModel.swift; sourceTree = "<group>"; };
		D1B30B1529ABCFB100208ECD /* WelcomeView.swift */ = {isa = PBXFileReference; lastKnownFileType = sourcecode.swift; path = WelcomeView.swift; sourceTree = "<group>"; };
		D1B30B1729ABEC7300208ECD /* GameColor.swift */ = {isa = PBXFileReference; lastKnownFileType = sourcecode.swift; path = GameColor.swift; sourceTree = "<group>"; };
		D1B30B1929ABEDAD00208ECD /* BottomTextView.swift */ = {isa = PBXFileReference; lastKnownFileType = sourcecode.swift; path = BottomTextView.swift; sourceTree = "<group>"; };
		D1E677FB29A54EE30018A106 /* Question.swift */ = {isa = PBXFileReference; lastKnownFileType = sourcecode.swift; path = Question.swift; sourceTree = "<group>"; };
		D1E677FD29A550800018A106 /* ChoiceTextView.swift */ = {isa = PBXFileReference; lastKnownFileType = sourcecode.swift; path = ChoiceTextView.swift; sourceTree = "<group>"; };
		D1EF3FF029A6340D00FAA0C5 /* Game.swift */ = {isa = PBXFileReference; lastKnownFileType = sourcecode.swift; path = Game.swift; sourceTree = "<group>"; };
/* End PBXFileReference section */

/* Begin PBXFrameworksBuildPhase section */
		D1A529C6299FE6BB001AFC5D /* Frameworks */ = {
			isa = PBXFrameworksBuildPhase;
			buildActionMask = 2147483647;
			files = (
			);
			runOnlyForDeploymentPostprocessing = 0;
		};
/* End PBXFrameworksBuildPhase section */

/* Begin PBXGroup section */
		D1A529C0299FE6BB001AFC5D = {
			isa = PBXGroup;
			children = (
				D1A529CB299FE6BB001AFC5D /* Code History */,
				D1A529CA299FE6BB001AFC5D /* Products */,
			);
			sourceTree = "<group>";
		};
		D1A529CA299FE6BB001AFC5D /* Products */ = {
			isa = PBXGroup;
			children = (
				D1A529C9299FE6BB001AFC5D /* Code History.app */,
			);
			name = Products;
			sourceTree = "<group>";
		};
		D1A529CB299FE6BB001AFC5D /* Code History */ = {
			isa = PBXGroup;
			children = (
				D1B1056829AFC80800650192 /* ViewModels */,
				D1EF3FF329A6345D00FAA0C5 /* Views */,
				D1A529CC299FE6BB001AFC5D /* Code_HistoryApp.swift */,
				D1EF3FF229A6343B00FAA0C5 /* Models */,
				D1A529D0299FE6BD001AFC5D /* Assets.xcassets */,
				D1A529D2299FE6BD001AFC5D /* Preview Content */,
			);
			path = "Code History";
			sourceTree = "<group>";
		};
		D1A529D2299FE6BD001AFC5D /* Preview Content */ = {
			isa = PBXGroup;
			children = (
				D1A529D3299FE6BD001AFC5D /* Preview Assets.xcassets */,
				D1B1056D29AFCC5100650192 /* contents.json */,
			);
			path = "Preview Content";
			sourceTree = "<group>";
		};
		D1B1056829AFC80800650192 /* ViewModels */ = {
			isa = PBXGroup;
			children = (
				D1B1056929AFC82200650192 /* GameViewModel.swift */,
				D1B1057129AFCE8000650192 /* ScoreViewModel.swift */,
			);
			path = ViewModels;
			sourceTree = "<group>";
		};
		D1EF3FF229A6343B00FAA0C5 /* Models */ = {
			isa = PBXGroup;
			children = (
				D1EF3FF029A6340D00FAA0C5 /* Game.swift */,
				D1E677FB29A54EE30018A106 /* Question.swift */,
			);
			path = Models;
			sourceTree = "<group>";
		};
		D1EF3FF329A6345D00FAA0C5 /* Views */ = {
			isa = PBXGroup;
			children = (
				D1E677FD29A550800018A106 /* ChoiceTextView.swift */,
				D1B30B1929ABEDAD00208ECD /* BottomTextView.swift */,
				D1A529CE299FE6BB001AFC5D /* GameView.swift */,
				D1B30B1529ABCFB100208ECD /* WelcomeView.swift */,
				D1B30B1729ABEC7300208ECD /* GameColor.swift */,
				D1B1056B29AFC9EB00650192 /* QuestionView.swift */,
				D1B1056F29AFCE2100650192 /* ScoreView.swift */,
			);
			path = Views;
			sourceTree = "<group>";
		};
/* End PBXGroup section */

/* Begin PBXNativeTarget section */
		D1A529C8299FE6BB001AFC5D /* Code History */ = {
			isa = PBXNativeTarget;
			buildConfigurationList = D1A529D7299FE6BD001AFC5D /* Build configuration list for PBXNativeTarget "Code History" */;
			buildPhases = (
				D1A529C5299FE6BB001AFC5D /* Sources */,
				D1A529C6299FE6BB001AFC5D /* Frameworks */,
				D1A529C7299FE6BB001AFC5D /* Resources */,
			);
			buildRules = (
			);
			dependencies = (
			);
			name = "Code History";
			productName = "Code History";
			productReference = D1A529C9299FE6BB001AFC5D /* Code History.app */;
			productType = "com.apple.product-type.application";
		};
/* End PBXNativeTarget section */

/* Begin PBXProject section */
		D1A529C1299FE6BB001AFC5D /* Project object */ = {
			isa = PBXProject;
			attributes = {
				BuildIndependentTargetsInParallel = 1;
				LastSwiftUpdateCheck = 1420;
				LastUpgradeCheck = 1420;
				TargetAttributes = {
					D1A529C8299FE6BB001AFC5D = {
						CreatedOnToolsVersion = 14.2;
					};
				};
			};
			buildConfigurationList = D1A529C4299FE6BB001AFC5D /* Build configuration list for PBXProject "Code History" */;
			compatibilityVersion = "Xcode 14.0";
			developmentRegion = en;
			hasScannedForEncodings = 0;
			knownRegions = (
				en,
				Base,
			);
			mainGroup = D1A529C0299FE6BB001AFC5D;
			productRefGroup = D1A529CA299FE6BB001AFC5D /* Products */;
			projectDirPath = "";
			projectRoot = "";
			targets = (
				D1A529C8299FE6BB001AFC5D /* Code History */,
			);
		};
/* End PBXProject section */

/* Begin PBXResourcesBuildPhase section */
		D1A529C7299FE6BB001AFC5D /* Resources */ = {
			isa = PBXResourcesBuildPhase;
			buildActionMask = 2147483647;
			files = (
				D1B1056E29AFCC5100650192 /* contents.json in Resources */,
				D1A529D4299FE6BD001AFC5D /* Preview Assets.xcassets in Resources */,
				D1A529D1299FE6BD001AFC5D /* Assets.xcassets in Resources */,
			);
			runOnlyForDeploymentPostprocessing = 0;
		};
/* End PBXResourcesBuildPhase section */

/* Begin PBXSourcesBuildPhase section */
		D1A529C5299FE6BB001AFC5D /* Sources */ = {
			isa = PBXSourcesBuildPhase;
			buildActionMask = 2147483647;
			files = (
				D1B1056C29AFC9EB00650192 /* QuestionView.swift in Sources */,
				D1B1056A29AFC82200650192 /* GameViewModel.swift in Sources */,
				D1E677FC29A54EE30018A106 /* Question.swift in Sources */,
				D1B1057229AFCE8000650192 /* ScoreViewModel.swift in Sources */,
				D1B30B1629ABCFB100208ECD /* WelcomeView.swift in Sources */,
				D1EF3FF129A6340D00FAA0C5 /* Game.swift in Sources */,
				D1A529CF299FE6BB001AFC5D /* GameView.swift in Sources */,
				D1B30B1A29ABEDAD00208ECD /* BottomTextView.swift in Sources */,
				D1B1057029AFCE2100650192 /* ScoreView.swift in Sources */,
				D1B30B1829ABEC7300208ECD /* GameColor.swift in Sources */,
				D1E677FE29A550800018A106 /* ChoiceTextView.swift in Sources */,
				D1A529CD299FE6BB001AFC5D /* Code_HistoryApp.swift in Sources */,
			);
			runOnlyForDeploymentPostprocessing = 0;
		};
/* End PBXSourcesBuildPhase section */

/* Begin XCBuildConfiguration section */
		D1A529D5299FE6BD001AFC5D /* Debug */ = {
			isa = XCBuildConfiguration;
			buildSettings = {
				ALWAYS_SEARCH_USER_PATHS = NO;
				CLANG_ANALYZER_NONNULL = YES;
				CLANG_ANALYZER_NUMBER_OBJECT_CONVERSION = YES_AGGRESSIVE;
				CLANG_CXX_LANGUAGE_STANDARD = "gnu++20";
				CLANG_ENABLE_MODULES = YES;
				CLANG_ENABLE_OBJC_ARC = YES;
				CLANG_ENABLE_OBJC_WEAK = YES;
				CLANG_WARN_BLOCK_CAPTURE_AUTORELEASING = YES;
				CLANG_WARN_BOOL_CONVERSION = YES;
				CLANG_WARN_COMMA = YES;
				CLANG_WARN_CONSTANT_CONVERSION = YES;
				CLANG_WARN_DEPRECATED_OBJC_IMPLEMENTATIONS = YES;
				CLANG_WARN_DIRECT_OBJC_ISA_USAGE = YES_ERROR;
				CLANG_WARN_DOCUMENTATION_COMMENTS = YES;
				CLANG_WARN_EMPTY_BODY = YES;
				CLANG_WARN_ENUM_CONVERSION = YES;
				CLANG_WARN_INFINITE_RECURSION = YES;
				CLANG_WARN_INT_CONVERSION = YES;
				CLANG_WARN_NON_LITERAL_NULL_CONVERSION = YES;
				CLANG_WARN_OBJC_IMPLICIT_RETAIN_SELF = YES;
				CLANG_WARN_OBJC_LITERAL_CONVERSION = YES;
				CLANG_WARN_OBJC_ROOT_CLASS = YES_ERROR;
				CLANG_WARN_QUOTED_INCLUDE_IN_FRAMEWORK_HEADER = YES;
				CLANG_WARN_RANGE_LOOP_ANALYSIS = YES;
				CLANG_WARN_STRICT_PROTOTYPES = YES;
				CLANG_WARN_SUSPICIOUS_MOVE = YES;
				CLANG_WARN_UNGUARDED_AVAILABILITY = YES_AGGRESSIVE;
				CLANG_WARN_UNREACHABLE_CODE = YES;
				CLANG_WARN__DUPLICATE_METHOD_MATCH = YES;
				COPY_PHASE_STRIP = NO;
				DEBUG_INFORMATION_FORMAT = dwarf;
				ENABLE_STRICT_OBJC_MSGSEND = YES;
				ENABLE_TESTABILITY = YES;
				GCC_C_LANGUAGE_STANDARD = gnu11;
				GCC_DYNAMIC_NO_PIC = NO;
				GCC_NO_COMMON_BLOCKS = YES;
				GCC_OPTIMIZATION_LEVEL = 0;
				GCC_PREPROCESSOR_DEFINITIONS = (
					"DEBUG=1",
					"$(inherited)",
				);
				GCC_WARN_64_TO_32_BIT_CONVERSION = YES;
				GCC_WARN_ABOUT_RETURN_TYPE = YES_ERROR;
				GCC_WARN_UNDECLARED_SELECTOR = YES;
				GCC_WARN_UNINITIALIZED_AUTOS = YES_AGGRESSIVE;
				GCC_WARN_UNUSED_FUNCTION = YES;
				GCC_WARN_UNUSED_VARIABLE = YES;
				IPHONEOS_DEPLOYMENT_TARGET = 16.2;
				MTL_ENABLE_DEBUG_INFO = INCLUDE_SOURCE;
				MTL_FAST_MATH = YES;
				ONLY_ACTIVE_ARCH = YES;
				SDKROOT = iphoneos;
				SWIFT_ACTIVE_COMPILATION_CONDITIONS = DEBUG;
				SWIFT_OPTIMIZATION_LEVEL = "-Onone";
			};
			name = Debug;
		};
		D1A529D6299FE6BD001AFC5D /* Release */ = {
			isa = XCBuildConfiguration;
			buildSettings = {
				ALWAYS_SEARCH_USER_PATHS = NO;
				CLANG_ANALYZER_NONNULL = YES;
				CLANG_ANALYZER_NUMBER_OBJECT_CONVERSION = YES_AGGRESSIVE;
				CLANG_CXX_LANGUAGE_STANDARD = "gnu++20";
				CLANG_ENABLE_MODULES = YES;
				CLANG_ENABLE_OBJC_ARC = YES;
				CLANG_ENABLE_OBJC_WEAK = YES;
				CLANG_WARN_BLOCK_CAPTURE_AUTORELEASING = YES;
				CLANG_WARN_BOOL_CONVERSION = YES;
				CLANG_WARN_COMMA = YES;
				CLANG_WARN_CONSTANT_CONVERSION = YES;
				CLANG_WARN_DEPRECATED_OBJC_IMPLEMENTATIONS = YES;
				CLANG_WARN_DIRECT_OBJC_ISA_USAGE = YES_ERROR;
				CLANG_WARN_DOCUMENTATION_COMMENTS = YES;
				CLANG_WARN_EMPTY_BODY = YES;
				CLANG_WARN_ENUM_CONVERSION = YES;
				CLANG_WARN_INFINITE_RECURSION = YES;
				CLANG_WARN_INT_CONVERSION = YES;
				CLANG_WARN_NON_LITERAL_NULL_CONVERSION = YES;
				CLANG_WARN_OBJC_IMPLICIT_RETAIN_SELF = YES;
				CLANG_WARN_OBJC_LITERAL_CONVERSION = YES;
				CLANG_WARN_OBJC_ROOT_CLASS = YES_ERROR;
				CLANG_WARN_QUOTED_INCLUDE_IN_FRAMEWORK_HEADER = YES;
				CLANG_WARN_RANGE_LOOP_ANALYSIS = YES;
				CLANG_WARN_STRICT_PROTOTYPES = YES;
				CLANG_WARN_SUSPICIOUS_MOVE = YES;
				CLANG_WARN_UNGUARDED_AVAILABILITY = YES_AGGRESSIVE;
				CLANG_WARN_UNREACHABLE_CODE = YES;
				CLANG_WARN__DUPLICATE_METHOD_MATCH = YES;
				COPY_PHASE_STRIP = NO;
				DEBUG_INFORMATION_FORMAT = "dwarf-with-dsym";
				ENABLE_NS_ASSERTIONS = NO;
				ENABLE_STRICT_OBJC_MSGSEND = YES;
				GCC_C_LANGUAGE_STANDARD = gnu11;
				GCC_NO_COMMON_BLOCKS = YES;
				GCC_WARN_64_TO_32_BIT_CONVERSION = YES;
				GCC_WARN_ABOUT_RETURN_TYPE = YES_ERROR;
				GCC_WARN_UNDECLARED_SELECTOR = YES;
				GCC_WARN_UNINITIALIZED_AUTOS = YES_AGGRESSIVE;
				GCC_WARN_UNUSED_FUNCTION = YES;
				GCC_WARN_UNUSED_VARIABLE = YES;
				IPHONEOS_DEPLOYMENT_TARGET = 16.2;
				MTL_ENABLE_DEBUG_INFO = NO;
				MTL_FAST_MATH = YES;
				SDKROOT = iphoneos;
				SWIFT_COMPILATION_MODE = wholemodule;
				SWIFT_OPTIMIZATION_LEVEL = "-O";
				VALIDATE_PRODUCT = YES;
			};
			name = Release;
		};
		D1A529D8299FE6BD001AFC5D /* Debug */ = {
			isa = XCBuildConfiguration;
			buildSettings = {
				ASSETCATALOG_COMPILER_APPICON_NAME = AppIcon;
				ASSETCATALOG_COMPILER_GLOBAL_ACCENT_COLOR_NAME = AccentColor;
				CODE_SIGN_STYLE = Automatic;
				CURRENT_PROJECT_VERSION = 1;
				DEVELOPMENT_ASSET_PATHS = "\"Code History/Preview Content\"";
				ENABLE_PREVIEWS = YES;
				GENERATE_INFOPLIST_FILE = YES;
				INFOPLIST_KEY_UIApplicationSceneManifest_Generation = YES;
				INFOPLIST_KEY_UIApplicationSupportsIndirectInputEvents = YES;
				INFOPLIST_KEY_UILaunchScreen_Generation = YES;
				INFOPLIST_KEY_UISupportedInterfaceOrientations_iPad = "UIInterfaceOrientationPortrait UIInterfaceOrientationPortraitUpsideDown UIInterfaceOrientationLandscapeLeft UIInterfaceOrientationLandscapeRight";
				INFOPLIST_KEY_UISupportedInterfaceOrientations_iPhone = "UIInterfaceOrientationPortrait UIInterfaceOrientationLandscapeLeft UIInterfaceOrientationLandscapeRight";
				LD_RUNPATH_SEARCH_PATHS = (
					"$(inherited)",
					"@executable_path/Frameworks",
				);
				MARKETING_VERSION = 1.0;
				PRODUCT_BUNDLE_IDENTIFIER = "com.sarahloos.Code-History";
				PRODUCT_NAME = "$(TARGET_NAME)";
				SWIFT_EMIT_LOC_STRINGS = YES;
				SWIFT_VERSION = 5.0;
				TARGETED_DEVICE_FAMILY = "1,2";
			};
			name = Debug;
		};
		D1A529D9299FE6BD001AFC5D /* Release */ = {
			isa = XCBuildConfiguration;
			buildSettings = {
				ASSETCATALOG_COMPILER_APPICON_NAME = AppIcon;
				ASSETCATALOG_COMPILER_GLOBAL_ACCENT_COLOR_NAME = AccentColor;
				CODE_SIGN_STYLE = Automatic;
				CURRENT_PROJECT_VERSION = 1;
				DEVELOPMENT_ASSET_PATHS = "\"Code History/Preview Content\"";
				ENABLE_PREVIEWS = YES;
				GENERATE_INFOPLIST_FILE = YES;
				INFOPLIST_KEY_UIApplicationSceneManifest_Generation = YES;
				INFOPLIST_KEY_UIApplicationSupportsIndirectInputEvents = YES;
				INFOPLIST_KEY_UILaunchScreen_Generation = YES;
				INFOPLIST_KEY_UISupportedInterfaceOrientations_iPad = "UIInterfaceOrientationPortrait UIInterfaceOrientationPortraitUpsideDown UIInterfaceOrientationLandscapeLeft UIInterfaceOrientationLandscapeRight";
				INFOPLIST_KEY_UISupportedInterfaceOrientations_iPhone = "UIInterfaceOrientationPortrait UIInterfaceOrientationLandscapeLeft UIInterfaceOrientationLandscapeRight";
				LD_RUNPATH_SEARCH_PATHS = (
					"$(inherited)",
					"@executable_path/Frameworks",
				);
				MARKETING_VERSION = 1.0;
				PRODUCT_BUNDLE_IDENTIFIER = "com.sarahloos.Code-History";
				PRODUCT_NAME = "$(TARGET_NAME)";
				SWIFT_EMIT_LOC_STRINGS = YES;
				SWIFT_VERSION = 5.0;
				TARGETED_DEVICE_FAMILY = "1,2";
			};
			name = Release;
		};
/* End XCBuildConfiguration section */

/* Begin XCConfigurationList section */
		D1A529C4299FE6BB001AFC5D /* Build configuration list for PBXProject "Code History" */ = {
			isa = XCConfigurationList;
			buildConfigurations = (
				D1A529D5299FE6BD001AFC5D /* Debug */,
				D1A529D6299FE6BD001AFC5D /* Release */,
			);
			defaultConfigurationIsVisible = 0;
			defaultConfigurationName = Release;
		};
		D1A529D7299FE6BD001AFC5D /* Build configuration list for PBXNativeTarget "Code History" */ = {
			isa = XCConfigurationList;
			buildConfigurations = (
				D1A529D8299FE6BD001AFC5D /* Debug */,
				D1A529D9299FE6BD001AFC5D /* Release */,
			);
			defaultConfigurationIsVisible = 0;
			defaultConfigurationName = Release;
		};
/* End XCConfigurationList section */
	};
	rootObject = D1A529C1299FE6BB001AFC5D /* Project object */;
}
